
Microsoft Visual Studio Solution File, Format Version 12.00
# Visual Studio 15
VisualStudioVersion = 15.0.28010.2050
MinimumVisualStudioVersion = 10.0.40219.1
Project("{FAE04EC0-301F-11D3-BF4B-00C04F79EFBC}") = "TicTackToe", "TicTackToe\TicTackToe.csproj", "{203C362B-77B7-40E7-A6AD-7DBE84EE5568}"
EndProject
Global
	GlobalSection(SolutionConfigurationPlatforms) = preSolution
		Debug|Any CPU = Debug|Any CPU
		Release|Any CPU = Release|Any CPU
	EndGlobalSection
	GlobalSection(ProjectConfigurationPlatforms) = postSolution
		{203C362B-77B7-40E7-A6AD-7DBE84EE5568}.Debug|Any CPU.ActiveCfg = Debug|Any CPU
		{203C362B-77B7-40E7-A6AD-7DBE84EE5568}.Debug|Any CPU.Build.0 = Debug|Any CPU
		{203C362B-77B7-40E7-A6AD-7DBE84EE5568}.Release|Any CPU.ActiveCfg = Release|Any CPU
		{203C362B-77B7-40E7-A6AD-7DBE84EE5568}.Release|Any CPU.Build.0 = Release|Any CPU
	EndGlobalSection
	GlobalSection(SolutionProperties) = preSolution
		HideSolutionNode = FALSE
	EndGlobalSection
	GlobalSection(ExtensibilityGlobals) = postSolution
		SolutionGuid = {1B321A3E-0D77-4635-8116-73BF04D126E0}
	EndGlobalSection
EndGlobal
